
Microsoft Visual Studio Solution File, Format Version 12.00
# Visual Studio Version 17
VisualStudioVersion = 17.7.34024.191
MinimumVisualStudioVersion = 10.0.40219.1
Project("{FAE04EC0-301F-11D3-BF4B-00C04F79EFBC}") = "LINQ", "LINQ\LINQ.csproj", "{9D930FB1-F120-4AE9-A334-21DC7107CA55}"
EndProject
Global
	GlobalSection(SolutionConfigurationPlatforms) = preSolution
		Debug|Any CPU = Debug|Any CPU
		Release|Any CPU = Release|Any CPU
	EndGlobalSection
	GlobalSection(ProjectConfigurationPlatforms) = postSolution
		{9D930FB1-F120-4AE9-A334-21DC7107CA55}.Debug|Any CPU.ActiveCfg = Debug|Any CPU
		{9D930FB1-F120-4AE9-A334-21DC7107CA55}.Debug|Any CPU.Build.0 = Debug|Any CPU
		{9D930FB1-F120-4AE9-A334-21DC7107CA55}.Release|Any CPU.ActiveCfg = Release|Any CPU
		{9D930FB1-F120-4AE9-A334-21DC7107CA55}.Release|Any CPU.Build.0 = Release|Any CPU
	EndGlobalSection
	GlobalSection(SolutionProperties) = preSolution
		HideSolutionNode = FALSE
	EndGlobalSection
	GlobalSection(ExtensibilityGlobals) = postSolution
		SolutionGuid = {3F37D759-4438-4875-B1A9-45E4BCEB062F}
	EndGlobalSection
EndGlobal
